
Microsoft Visual Studio Solution File, Format Version 12.00
# Visual Studio Version 16
VisualStudioVersion = 16.0.28803.202
MinimumVisualStudioVersion = 10.0.40219.1
Project("{FAE04EC0-301F-11D3-BF4B-00C04F79EFBC}") = "RandomizeFileLines.x64", "RandomizeFileLines.x64.csproj", "{B0C7DC93-2AC5-4959-84C7-0B4C9953F398}"
EndProject
Global
	GlobalSection(SolutionConfigurationPlatforms) = preSolution
		Debug|Any CPU = Debug|Any CPU
		Release|Any CPU = Release|Any CPU
	EndGlobalSection
	GlobalSection(ProjectConfigurationPlatforms) = postSolution
		{B0C7DC93-2AC5-4959-84C7-0B4C9953F398}.Debug|Any CPU.ActiveCfg = Debug|Any CPU
		{B0C7DC93-2AC5-4959-84C7-0B4C9953F398}.Debug|Any CPU.Build.0 = Debug|Any CPU
		{B0C7DC93-2AC5-4959-84C7-0B4C9953F398}.Release|Any CPU.ActiveCfg = Release|Any CPU
		{B0C7DC93-2AC5-4959-84C7-0B4C9953F398}.Release|Any CPU.Build.0 = Release|Any CPU
	EndGlobalSection
	GlobalSection(SolutionProperties) = preSolution
		HideSolutionNode = FALSE
	EndGlobalSection
	GlobalSection(ExtensibilityGlobals) = postSolution
		SolutionGuid = {20430F2F-C6BB-4317-A55E-6074BCCF352C}
	EndGlobalSection
EndGlobal
